
Microsoft Visual Studio Solution File, Format Version 12.00
Project("{FAE04EC0-301F-11D3-BF4B-00C04F79EFBC}") = "RevSharp.Core", "RevSharp.Core\RevSharp.Core.csproj", "{BB7CFA79-5A32-497A-865B-6D62658B91E7}"
EndProject
Project("{FAE04EC0-301F-11D3-BF4B-00C04F79EFBC}") = "RevSharp.Skidbot", "RevSharp.Skidbot\RevSharp.Skidbot.csproj", "{ACDAE119-83CF-452C-AAE4-5FD58E0AF685}"
EndProject
Project("{FAE04EC0-301F-11D3-BF4B-00C04F79EFBC}") = "RevSharp.Skidbot.SDK", "RevSharp.Skidbot.SDK\RevSharp.Skidbot.SDK.csproj", "{06F1AD5C-B28D-45DC-9D7B-0E28C609967D}"
EndProject
Project("{FAE04EC0-301F-11D3-BF4B-00C04F79EFBC}") = "RevSharp.Skidbot.ImgWiz", "RevSharp.Skidbot.ImgWiz\RevSharp.Skidbot.ImgWiz.csproj", "{D5423D2F-7576-4D4A-AA99-8E9BFC9980FA}"
EndProject
Global
	GlobalSection(SolutionConfigurationPlatforms) = preSolution
		Debug|Any CPU = Debug|Any CPU
		Release|Any CPU = Release|Any CPU
	EndGlobalSection
	GlobalSection(ProjectConfigurationPlatforms) = postSolution
		{BB7CFA79-5A32-497A-865B-6D62658B91E7}.Debug|Any CPU.ActiveCfg = Debug|Any CPU
		{BB7CFA79-5A32-497A-865B-6D62658B91E7}.Debug|Any CPU.Build.0 = Debug|Any CPU
		{BB7CFA79-5A32-497A-865B-6D62658B91E7}.Release|Any CPU.ActiveCfg = Release|Any CPU
		{BB7CFA79-5A32-497A-865B-6D62658B91E7}.Release|Any CPU.Build.0 = Release|Any CPU
		{ACDAE119-83CF-452C-AAE4-5FD58E0AF685}.Debug|Any CPU.ActiveCfg = Debug|Any CPU
		{ACDAE119-83CF-452C-AAE4-5FD58E0AF685}.Debug|Any CPU.Build.0 = Debug|Any CPU
		{ACDAE119-83CF-452C-AAE4-5FD58E0AF685}.Release|Any CPU.ActiveCfg = Release|Any CPU
		{ACDAE119-83CF-452C-AAE4-5FD58E0AF685}.Release|Any CPU.Build.0 = Release|Any CPU
		{06F1AD5C-B28D-45DC-9D7B-0E28C609967D}.Debug|Any CPU.ActiveCfg = Debug|Any CPU
		{06F1AD5C-B28D-45DC-9D7B-0E28C609967D}.Debug|Any CPU.Build.0 = Debug|Any CPU
		{06F1AD5C-B28D-45DC-9D7B-0E28C609967D}.Release|Any CPU.ActiveCfg = Release|Any CPU
		{06F1AD5C-B28D-45DC-9D7B-0E28C609967D}.Release|Any CPU.Build.0 = Release|Any CPU
		{D5423D2F-7576-4D4A-AA99-8E9BFC9980FA}.Debug|Any CPU.ActiveCfg = Debug|Any CPU
		{D5423D2F-7576-4D4A-AA99-8E9BFC9980FA}.Debug|Any CPU.Build.0 = Debug|Any CPU
		{D5423D2F-7576-4D4A-AA99-8E9BFC9980FA}.Release|Any CPU.ActiveCfg = Release|Any CPU
		{D5423D2F-7576-4D4A-AA99-8E9BFC9980FA}.Release|Any CPU.Build.0 = Release|Any CPU
	EndGlobalSection
EndGlobal
