
Microsoft Visual Studio Solution File, Format Version 12.00
# Visual Studio Version 17
VisualStudioVersion = 17.5.33424.131
MinimumVisualStudioVersion = 10.0.40219.1
Project("{9A19103F-16F7-4668-BE54-9A1E7A4F7556}") = "RevSharp.Core", "RevSharp.Core\RevSharp.Core.csproj", "{BB7CFA79-5A32-497A-865B-6D62658B91E7}"
EndProject
Project("{9A19103F-16F7-4668-BE54-9A1E7A4F7556}") = "RevSharp.Xenia", "RevSharp.Xenia\RevSharp.Xenia.csproj", "{ACDAE119-83CF-452C-AAE4-5FD58E0AF685}"
EndProject
Project("{9A19103F-16F7-4668-BE54-9A1E7A4F7556}") = "RevSharp.Xenia.SDK", "RevSharp.Xenia.SDK\RevSharp.Xenia.SDK.csproj", "{06F1AD5C-B28D-45DC-9D7B-0E28C609967D}"
EndProject
Project("{9A19103F-16F7-4668-BE54-9A1E7A4F7556}") = "RevSharp.Xenia.ImgWiz", "RevSharp.Xenia.ImgWiz\RevSharp.Xenia.ImgWiz.csproj", "{D5423D2F-7576-4D4A-AA99-8E9BFC9980FA}"
EndProject
Project("{FAE04EC0-301F-11D3-BF4B-00C04F79EFBC}") = "RevSharp.Xenia.Moderation", "RevSharp.Xenia.Moderation\RevSharp.Xenia.Moderation.csproj", "{AB7C1364-315D-4C7A-9BD8-1D5E1DBE51CE}"
EndProject
Project("{FAE04EC0-301F-11D3-BF4B-00C04F79EFBC}") = "RevSharp.Xenia.ConDetect", "RevSharp.Xenia.ConDetect\RevSharp.Xenia.ConDetect.csproj", "{F97DACCE-CABE-4820-8843-50A6633FCDAB}"
EndProject
Project("{FAE04EC0-301F-11D3-BF4B-00C04F79EFBC}") = "RevSharp.Xenia.GoogleCloud", "RevSharp.Xenia.GoogleCloud\RevSharp.Xenia.GoogleCloud.csproj", "{D585F378-1FB6-410E-905C-0B647AD29EC2}"
EndProject
Project("{2150E333-8FDC-42A3-9474-1A3956D46DE8}") = "Moderation", "Moderation", "{9D6FEB25-E2BC-48E9-AF69-3CFAF82F5677}"
EndProject
Project("{2150E333-8FDC-42A3-9474-1A3956D46DE8}") = "Xenia Bot", "Xenia Bot", "{6B846631-FF15-4797-B7CD-2837B4416298}"
EndProject
Global
	GlobalSection(SolutionConfigurationPlatforms) = preSolution
		Debug|Any CPU = Debug|Any CPU
		Release|Any CPU = Release|Any CPU
	EndGlobalSection
	GlobalSection(ProjectConfigurationPlatforms) = postSolution
		{BB7CFA79-5A32-497A-865B-6D62658B91E7}.Debug|Any CPU.ActiveCfg = Debug|Any CPU
		{BB7CFA79-5A32-497A-865B-6D62658B91E7}.Debug|Any CPU.Build.0 = Debug|Any CPU
		{BB7CFA79-5A32-497A-865B-6D62658B91E7}.Release|Any CPU.ActiveCfg = Release|Any CPU
		{BB7CFA79-5A32-497A-865B-6D62658B91E7}.Release|Any CPU.Build.0 = Release|Any CPU
		{ACDAE119-83CF-452C-AAE4-5FD58E0AF685}.Debug|Any CPU.ActiveCfg = Debug|Any CPU
		{ACDAE119-83CF-452C-AAE4-5FD58E0AF685}.Debug|Any CPU.Build.0 = Debug|Any CPU
		{ACDAE119-83CF-452C-AAE4-5FD58E0AF685}.Release|Any CPU.ActiveCfg = Release|Any CPU
		{ACDAE119-83CF-452C-AAE4-5FD58E0AF685}.Release|Any CPU.Build.0 = Release|Any CPU
		{06F1AD5C-B28D-45DC-9D7B-0E28C609967D}.Debug|Any CPU.ActiveCfg = Debug|Any CPU
		{06F1AD5C-B28D-45DC-9D7B-0E28C609967D}.Debug|Any CPU.Build.0 = Debug|Any CPU
		{06F1AD5C-B28D-45DC-9D7B-0E28C609967D}.Release|Any CPU.ActiveCfg = Release|Any CPU
		{06F1AD5C-B28D-45DC-9D7B-0E28C609967D}.Release|Any CPU.Build.0 = Release|Any CPU
		{D5423D2F-7576-4D4A-AA99-8E9BFC9980FA}.Debug|Any CPU.ActiveCfg = Debug|Any CPU
		{D5423D2F-7576-4D4A-AA99-8E9BFC9980FA}.Debug|Any CPU.Build.0 = Debug|Any CPU
		{D5423D2F-7576-4D4A-AA99-8E9BFC9980FA}.Release|Any CPU.ActiveCfg = Release|Any CPU
		{D5423D2F-7576-4D4A-AA99-8E9BFC9980FA}.Release|Any CPU.Build.0 = Release|Any CPU
		{AB7C1364-315D-4C7A-9BD8-1D5E1DBE51CE}.Debug|Any CPU.ActiveCfg = Debug|Any CPU
		{AB7C1364-315D-4C7A-9BD8-1D5E1DBE51CE}.Debug|Any CPU.Build.0 = Debug|Any CPU
		{AB7C1364-315D-4C7A-9BD8-1D5E1DBE51CE}.Release|Any CPU.ActiveCfg = Release|Any CPU
		{AB7C1364-315D-4C7A-9BD8-1D5E1DBE51CE}.Release|Any CPU.Build.0 = Release|Any CPU
		{F97DACCE-CABE-4820-8843-50A6633FCDAB}.Debug|Any CPU.ActiveCfg = Debug|Any CPU
		{F97DACCE-CABE-4820-8843-50A6633FCDAB}.Debug|Any CPU.Build.0 = Debug|Any CPU
		{F97DACCE-CABE-4820-8843-50A6633FCDAB}.Release|Any CPU.ActiveCfg = Release|Any CPU
		{F97DACCE-CABE-4820-8843-50A6633FCDAB}.Release|Any CPU.Build.0 = Release|Any CPU
		{D585F378-1FB6-410E-905C-0B647AD29EC2}.Debug|Any CPU.ActiveCfg = Debug|Any CPU
		{D585F378-1FB6-410E-905C-0B647AD29EC2}.Debug|Any CPU.Build.0 = Debug|Any CPU
		{D585F378-1FB6-410E-905C-0B647AD29EC2}.Release|Any CPU.ActiveCfg = Release|Any CPU
		{D585F378-1FB6-410E-905C-0B647AD29EC2}.Release|Any CPU.Build.0 = Release|Any CPU
	EndGlobalSection
	GlobalSection(SolutionProperties) = preSolution
		HideSolutionNode = FALSE
	EndGlobalSection
	GlobalSection(ExtensibilityGlobals) = postSolution
		SolutionGuid = {E8B067A0-BD4F-444E-AD85-B44888198E8A}
	EndGlobalSection
	GlobalSection(NestedProjects) = preSolution
		{F97DACCE-CABE-4820-8843-50A6633FCDAB} = {9D6FEB25-E2BC-48E9-AF69-3CFAF82F5677}
		{AB7C1364-315D-4C7A-9BD8-1D5E1DBE51CE} = {9D6FEB25-E2BC-48E9-AF69-3CFAF82F5677}
		{ACDAE119-83CF-452C-AAE4-5FD58E0AF685} = {6B846631-FF15-4797-B7CD-2837B4416298}
		{D585F378-1FB6-410E-905C-0B647AD29EC2} = {6B846631-FF15-4797-B7CD-2837B4416298}
		{D5423D2F-7576-4D4A-AA99-8E9BFC9980FA} = {6B846631-FF15-4797-B7CD-2837B4416298}
		{06F1AD5C-B28D-45DC-9D7B-0E28C609967D} = {6B846631-FF15-4797-B7CD-2837B4416298}
		{9D6FEB25-E2BC-48E9-AF69-3CFAF82F5677} = {6B846631-FF15-4797-B7CD-2837B4416298}
	EndGlobalSection
EndGlobal
