
Microsoft Visual Studio Solution File, Format Version 12.00
# Visual Studio Version 17
VisualStudioVersion = 17.5.33424.131
MinimumVisualStudioVersion = 10.0.40219.1
Project("{9A19103F-16F7-4668-BE54-9A1E7A4F7556}") = "RevSharp.Core", "RevSharp.Core\RevSharp.Core.csproj", "{BB7CFA79-5A32-497A-865B-6D62658B91E7}"
EndProject
Project("{9A19103F-16F7-4668-BE54-9A1E7A4F7556}") = "RevSharp.Xenia", "RevSharp.Xenia\RevSharp.Xenia.csproj", "{ACDAE119-83CF-452C-AAE4-5FD58E0AF685}"
EndProject
Project("{9A19103F-16F7-4668-BE54-9A1E7A4F7556}") = "RevSharp.Xenia.SDK", "RevSharp.Xenia.SDK\RevSharp.Xenia.SDK.csproj", "{06F1AD5C-B28D-45DC-9D7B-0E28C609967D}"
EndProject
Project("{9A19103F-16F7-4668-BE54-9A1E7A4F7556}") = "RevSharp.Xenia.ImgWiz", "RevSharp.Xenia.ImgWiz\RevSharp.Xenia.ImgWiz.csproj", "{D5423D2F-7576-4D4A-AA99-8E9BFC9980FA}"
EndProject
Global
	GlobalSection(SolutionConfigurationPlatforms) = preSolution
		Debug|Any CPU = Debug|Any CPU
		Release|Any CPU = Release|Any CPU
	EndGlobalSection
	GlobalSection(ProjectConfigurationPlatforms) = postSolution
		{BB7CFA79-5A32-497A-865B-6D62658B91E7}.Debug|Any CPU.ActiveCfg = Debug|Any CPU
		{BB7CFA79-5A32-497A-865B-6D62658B91E7}.Debug|Any CPU.Build.0 = Debug|Any CPU
		{BB7CFA79-5A32-497A-865B-6D62658B91E7}.Release|Any CPU.ActiveCfg = Release|Any CPU
		{BB7CFA79-5A32-497A-865B-6D62658B91E7}.Release|Any CPU.Build.0 = Release|Any CPU
		{ACDAE119-83CF-452C-AAE4-5FD58E0AF685}.Debug|Any CPU.ActiveCfg = Debug|Any CPU
		{ACDAE119-83CF-452C-AAE4-5FD58E0AF685}.Debug|Any CPU.Build.0 = Debug|Any CPU
		{ACDAE119-83CF-452C-AAE4-5FD58E0AF685}.Release|Any CPU.ActiveCfg = Release|Any CPU
		{ACDAE119-83CF-452C-AAE4-5FD58E0AF685}.Release|Any CPU.Build.0 = Release|Any CPU
		{06F1AD5C-B28D-45DC-9D7B-0E28C609967D}.Debug|Any CPU.ActiveCfg = Debug|Any CPU
		{06F1AD5C-B28D-45DC-9D7B-0E28C609967D}.Debug|Any CPU.Build.0 = Debug|Any CPU
		{06F1AD5C-B28D-45DC-9D7B-0E28C609967D}.Release|Any CPU.ActiveCfg = Release|Any CPU
		{06F1AD5C-B28D-45DC-9D7B-0E28C609967D}.Release|Any CPU.Build.0 = Release|Any CPU
		{D5423D2F-7576-4D4A-AA99-8E9BFC9980FA}.Debug|Any CPU.ActiveCfg = Debug|Any CPU
		{D5423D2F-7576-4D4A-AA99-8E9BFC9980FA}.Debug|Any CPU.Build.0 = Debug|Any CPU
		{D5423D2F-7576-4D4A-AA99-8E9BFC9980FA}.Release|Any CPU.ActiveCfg = Release|Any CPU
		{D5423D2F-7576-4D4A-AA99-8E9BFC9980FA}.Release|Any CPU.Build.0 = Release|Any CPU
	EndGlobalSection
	GlobalSection(SolutionProperties) = preSolution
		HideSolutionNode = FALSE
	EndGlobalSection
	GlobalSection(ExtensibilityGlobals) = postSolution
		SolutionGuid = {E8B067A0-BD4F-444E-AD85-B44888198E8A}
	EndGlobalSection
EndGlobal
